// !$*UTF8*$!
{
	archiveVersion = 1;
	classes = {
	};
	objectVersion = 46;
	objects = {

/* Begin PBXBuildFile section */
		AA1791E519278DC800D40DA6 /* Foundation.framework in Frameworks */ = {isa = PBXBuildFile; fileRef = AA1791E419278DC800D40DA6 /* Foundation.framework */; };
		AA1791E719278DC800D40DA6 /* CoreGraphics.framework in Frameworks */ = {isa = PBXBuildFile; fileRef = AA1791E619278DC800D40DA6 /* CoreGraphics.framework */; };
		AA1791E919278DC800D40DA6 /* UIKit.framework in Frameworks */ = {isa = PBXBuildFile; fileRef = AA1791E819278DC800D40DA6 /* UIKit.framework */; };
		AA1791EF19278DC800D40DA6 /* InfoPlist.strings in Resources */ = {isa = PBXBuildFile; fileRef = AA1791ED19278DC800D40DA6 /* InfoPlist.strings */; };
		AA1791F119278DC800D40DA6 /* main.m in Sources */ = {isa = PBXBuildFile; fileRef = AA1791F019278DC800D40DA6 /* main.m */; };
		AA1791F519278DC800D40DA6 /* AppDelegate.m in Sources */ = {isa = PBXBuildFile; fileRef = AA1791F419278DC800D40DA6 /* AppDelegate.m */; };
		AA1791F819278DC800D40DA6 /* Main.storyboard in Resources */ = {isa = PBXBuildFile; fileRef = AA1791F619278DC800D40DA6 /* Main.storyboard */; };
		AA1791FB19278DC800D40DA6 /* ViewController.m in Sources */ = {isa = PBXBuildFile; fileRef = AA1791FA19278DC800D40DA6 /* ViewController.m */; };
		AA1791FD19278DC800D40DA6 /* Images.xcassets in Resources */ = {isa = PBXBuildFile; fileRef = AA1791FC19278DC800D40DA6 /* Images.xcassets */; };
		AA17920419278DC800D40DA6 /* XCTest.framework in Frameworks */ = {isa = PBXBuildFile; fileRef = AA17920319278DC800D40DA6 /* XCTest.framework */; };
		AA17920519278DC800D40DA6 /* Foundation.framework in Frameworks */ = {isa = PBXBuildFile; fileRef = AA1791E419278DC800D40DA6 /* Foundation.framework */; };
		AA17920619278DC800D40DA6 /* UIKit.framework in Frameworks */ = {isa = PBXBuildFile; fileRef = AA1791E819278DC800D40DA6 /* UIKit.framework */; };
		AA17920E19278DC800D40DA6 /* InfoPlist.strings in Resources */ = {isa = PBXBuildFile; fileRef = AA17920C19278DC800D40DA6 /* InfoPlist.strings */; };
		AA17921019278DC800D40DA6 /* RadarChartTests.m in Sources */ = {isa = PBXBuildFile; fileRef = AA17920F19278DC800D40DA6 /* RadarChartTests.m */; };
		AA179220192792F900D40DA6 /* QuartzCore.framework in Frameworks */ = {isa = PBXBuildFile; fileRef = AA17921F192792F900D40DA6 /* QuartzCore.framework */; };
		AA17926D192795B200D40DA6 /* libRadarChart.a in Frameworks */ = {isa = PBXBuildFile; fileRef = AA179268192795B200D40DA6 /* libRadarChart.a */; };
/* End PBXBuildFile section */

/* Begin PBXContainerItemProxy section */
		AA17920719278DC800D40DA6 /* PBXContainerItemProxy */ = {
			isa = PBXContainerItemProxy;
			containerPortal = AA1791D919278DC800D40DA6 /* Project object */;
			proxyType = 1;
			remoteGlobalIDString = AA1791E019278DC800D40DA6;
			remoteInfo = RadarChart;
		};
/* End PBXContainerItemProxy section */

/* Begin PBXFileReference section */
		AA1791E119278DC800D40DA6 /* RadarChart.app */ = {isa = PBXFileReference; explicitFileType = wrapper.application; includeInIndex = 0; path = RadarChart.app; sourceTree = BUILT_PRODUCTS_DIR; };
		AA1791E419278DC800D40DA6 /* Foundation.framework */ = {isa = PBXFileReference; lastKnownFileType = wrapper.framework; name = Foundation.framework; path = System/Library/Frameworks/Foundation.framework; sourceTree = SDKROOT; };
		AA1791E619278DC800D40DA6 /* CoreGraphics.framework */ = {isa = PBXFileReference; lastKnownFileType = wrapper.framework; name = CoreGraphics.framework; path = System/Library/Frameworks/CoreGraphics.framework; sourceTree = SDKROOT; };
		AA1791E819278DC800D40DA6 /* UIKit.framework */ = {isa = PBXFileReference; lastKnownFileType = wrapper.framework; name = UIKit.framework; path = System/Library/Frameworks/UIKit.framework; sourceTree = SDKROOT; };
		AA1791EC19278DC800D40DA6 /* RadarChart-Info.plist */ = {isa = PBXFileReference; lastKnownFileType = text.plist.xml; path = "RadarChart-Info.plist"; sourceTree = "<group>"; };
		AA1791EE19278DC800D40DA6 /* en */ = {isa = PBXFileReference; lastKnownFileType = text.plist.strings; name = en; path = en.lproj/InfoPlist.strings; sourceTree = "<group>"; };
		AA1791F019278DC800D40DA6 /* main.m */ = {isa = PBXFileReference; lastKnownFileType = sourcecode.c.objc; path = main.m; sourceTree = "<group>"; };
		AA1791F219278DC800D40DA6 /* RadarChart-Prefix.pch */ = {isa = PBXFileReference; lastKnownFileType = sourcecode.c.h; path = "RadarChart-Prefix.pch"; sourceTree = "<group>"; };
		AA1791F319278DC800D40DA6 /* AppDelegate.h */ = {isa = PBXFileReference; lastKnownFileType = sourcecode.c.h; path = AppDelegate.h; sourceTree = "<group>"; };
		AA1791F419278DC800D40DA6 /* AppDelegate.m */ = {isa = PBXFileReference; lastKnownFileType = sourcecode.c.objc; path = AppDelegate.m; sourceTree = "<group>"; };
		AA1791F719278DC800D40DA6 /* Base */ = {isa = PBXFileReference; lastKnownFileType = file.storyboard; name = Base; path = Base.lproj/Main.storyboard; sourceTree = "<group>"; };
		AA1791F919278DC800D40DA6 /* ViewController.h */ = {isa = PBXFileReference; lastKnownFileType = sourcecode.c.h; path = ViewController.h; sourceTree = "<group>"; };
		AA1791FA19278DC800D40DA6 /* ViewController.m */ = {isa = PBXFileReference; lastKnownFileType = sourcecode.c.objc; path = ViewController.m; sourceTree = "<group>"; };
		AA1791FC19278DC800D40DA6 /* Images.xcassets */ = {isa = PBXFileReference; lastKnownFileType = folder.assetcatalog; path = Images.xcassets; sourceTree = "<group>"; };
		AA17920219278DC800D40DA6 /* RadarChartTests.xctest */ = {isa = PBXFileReference; explicitFileType = wrapper.cfbundle; includeInIndex = 0; path = RadarChartTests.xctest; sourceTree = BUILT_PRODUCTS_DIR; };
		AA17920319278DC800D40DA6 /* XCTest.framework */ = {isa = PBXFileReference; lastKnownFileType = wrapper.framework; name = XCTest.framework; path = Library/Frameworks/XCTest.framework; sourceTree = DEVELOPER_DIR; };
		AA17920B19278DC800D40DA6 /* RadarChartTests-Info.plist */ = {isa = PBXFileReference; lastKnownFileType = text.plist.xml; path = "RadarChartTests-Info.plist"; sourceTree = "<group>"; };
		AA17920D19278DC800D40DA6 /* en */ = {isa = PBXFileReference; lastKnownFileType = text.plist.strings; name = en; path = en.lproj/InfoPlist.strings; sourceTree = "<group>"; };
		AA17920F19278DC800D40DA6 /* RadarChartTests.m */ = {isa = PBXFileReference; lastKnownFileType = sourcecode.c.objc; path = RadarChartTests.m; sourceTree = "<group>"; };
		AA17921F192792F900D40DA6 /* QuartzCore.framework */ = {isa = PBXFileReference; lastKnownFileType = wrapper.framework; name = QuartzCore.framework; path = System/Library/Frameworks/QuartzCore.framework; sourceTree = SDKROOT; };
		AA179268192795B200D40DA6 /* libRadarChart.a */ = {isa = PBXFileReference; lastKnownFileType = archive.ar; path = libRadarChart.a; sourceTree = "<group>"; };
		AA17926A192795B200D40DA6 /* RadarChartComponent.h */ = {isa = PBXFileReference; fileEncoding = 4; lastKnownFileType = sourcecode.c.h; path = RadarChartComponent.h; sourceTree = "<group>"; };
		AA17926B192795B200D40DA6 /* RadarChartDatasource.h */ = {isa = PBXFileReference; fileEncoding = 4; lastKnownFileType = sourcecode.c.h; path = RadarChartDatasource.h; sourceTree = "<group>"; };
		AA17926C192795B200D40DA6 /* RadarChartShapeLayer.h */ = {isa = PBXFileReference; fileEncoding = 4; lastKnownFileType = sourcecode.c.h; path = RadarChartShapeLayer.h; sourceTree = "<group>"; };
/* End PBXFileReference section */

/* Begin PBXFrameworksBuildPhase section */
		AA1791DE19278DC800D40DA6 /* Frameworks */ = {
			isa = PBXFrameworksBuildPhase;
			buildActionMask = 2147483647;
			files = (
				AA17926D192795B200D40DA6 /* libRadarChart.a in Frameworks */,
				AA179220192792F900D40DA6 /* QuartzCore.framework in Frameworks */,
				AA1791E719278DC800D40DA6 /* CoreGraphics.framework in Frameworks */,
				AA1791E919278DC800D40DA6 /* UIKit.framework in Frameworks */,
				AA1791E519278DC800D40DA6 /* Foundation.framework in Frameworks */,
			);
			runOnlyForDeploymentPostprocessing = 0;
		};
		AA1791FF19278DC800D40DA6 /* Frameworks */ = {
			isa = PBXFrameworksBuildPhase;
			buildActionMask = 2147483647;
			files = (
				AA17920419278DC800D40DA6 /* XCTest.framework in Frameworks */,
				AA17920619278DC800D40DA6 /* UIKit.framework in Frameworks */,
				AA17920519278DC800D40DA6 /* Foundation.framework in Frameworks */,
			);
			runOnlyForDeploymentPostprocessing = 0;
		};
/* End PBXFrameworksBuildPhase section */

/* Begin PBXGroup section */
		AA1791D819278DC800D40DA6 = {
			isa = PBXGroup;
			children = (
				AA1791EA19278DC800D40DA6 /* RadarChart */,
				AA17920919278DC800D40DA6 /* RadarChartTests */,
				AA1791E319278DC800D40DA6 /* Frameworks */,
				AA1791E219278DC800D40DA6 /* Products */,
			);
			sourceTree = "<group>";
		};
		AA1791E219278DC800D40DA6 /* Products */ = {
			isa = PBXGroup;
			children = (
				AA1791E119278DC800D40DA6 /* RadarChart.app */,
				AA17920219278DC800D40DA6 /* RadarChartTests.xctest */,
			);
			name = Products;
			sourceTree = "<group>";
		};
		AA1791E319278DC800D40DA6 /* Frameworks */ = {
			isa = PBXGroup;
			children = (
				AA17921F192792F900D40DA6 /* QuartzCore.framework */,
				AA1791E419278DC800D40DA6 /* Foundation.framework */,
				AA1791E619278DC800D40DA6 /* CoreGraphics.framework */,
				AA1791E819278DC800D40DA6 /* UIKit.framework */,
				AA17920319278DC800D40DA6 /* XCTest.framework */,
			);
			name = Frameworks;
			sourceTree = "<group>";
		};
		AA1791EA19278DC800D40DA6 /* RadarChart */ = {
			isa = PBXGroup;
			children = (
				AA179268192795B200D40DA6 /* libRadarChart.a */,
				AA179269192795B200D40DA6 /* RadarChart */,
				AA1791F319278DC800D40DA6 /* AppDelegate.h */,
				AA1791F419278DC800D40DA6 /* AppDelegate.m */,
				AA1791F619278DC800D40DA6 /* Main.storyboard */,
				AA1791F919278DC800D40DA6 /* ViewController.h */,
				AA1791FA19278DC800D40DA6 /* ViewController.m */,
				AA1791FC19278DC800D40DA6 /* Images.xcassets */,
				AA1791EB19278DC800D40DA6 /* Supporting Files */,
			);
			path = RadarChart;
			sourceTree = "<group>";
		};
		AA1791EB19278DC800D40DA6 /* Supporting Files */ = {
			isa = PBXGroup;
			children = (
				AA1791EC19278DC800D40DA6 /* RadarChart-Info.plist */,
				AA1791ED19278DC800D40DA6 /* InfoPlist.strings */,
				AA1791F019278DC800D40DA6 /* main.m */,
				AA1791F219278DC800D40DA6 /* RadarChart-Prefix.pch */,
			);
			name = "Supporting Files";
			sourceTree = "<group>";
		};
		AA17920919278DC800D40DA6 /* RadarChartTests */ = {
			isa = PBXGroup;
			children = (
				AA17920F19278DC800D40DA6 /* RadarChartTests.m */,
				AA17920A19278DC800D40DA6 /* Supporting Files */,
			);
			path = RadarChartTests;
			sourceTree = "<group>";
		};
		AA17920A19278DC800D40DA6 /* Supporting Files */ = {
			isa = PBXGroup;
			children = (
				AA17920B19278DC800D40DA6 /* RadarChartTests-Info.plist */,
				AA17920C19278DC800D40DA6 /* InfoPlist.strings */,
			);
			name = "Supporting Files";
			sourceTree = "<group>";
		};
		AA179269192795B200D40DA6 /* RadarChart */ = {
			isa = PBXGroup;
			children = (
				AA17926A192795B200D40DA6 /* RadarChartComponent.h */,
				AA17926B192795B200D40DA6 /* RadarChartDatasource.h */,
				AA17926C192795B200D40DA6 /* RadarChartShapeLayer.h */,
			);
			path = RadarChart;
			sourceTree = "<group>";
		};
/* End PBXGroup section */

/* Begin PBXNativeTarget section */
		AA1791E019278DC800D40DA6 /* RadarChart */ = {
			isa = PBXNativeTarget;
			buildConfigurationList = AA17921319278DC800D40DA6 /* Build configuration list for PBXNativeTarget "RadarChart" */;
			buildPhases = (
				AA1791DD19278DC800D40DA6 /* Sources */,
				AA1791DE19278DC800D40DA6 /* Frameworks */,
				AA1791DF19278DC800D40DA6 /* Resources */,
			);
			buildRules = (
			);
			dependencies = (
			);
			name = RadarChart;
			productName = RadarChart;
			productReference = AA1791E119278DC800D40DA6 /* RadarChart.app */;
			productType = "com.apple.product-type.application";
		};
		AA17920119278DC800D40DA6 /* RadarChartTests */ = {
			isa = PBXNativeTarget;
			buildConfigurationList = AA17921619278DC800D40DA6 /* Build configuration list for PBXNativeTarget "RadarChartTests" */;
			buildPhases = (
				AA1791FE19278DC800D40DA6 /* Sources */,
				AA1791FF19278DC800D40DA6 /* Frameworks */,
				AA17920019278DC800D40DA6 /* Resources */,
			);
			buildRules = (
			);
			dependencies = (
				AA17920819278DC800D40DA6 /* PBXTargetDependency */,
			);
			name = RadarChartTests;
			productName = RadarChartTests;
			productReference = AA17920219278DC800D40DA6 /* RadarChartTests.xctest */;
			productType = "com.apple.product-type.bundle.unit-test";
		};
/* End PBXNativeTarget section */

/* Begin PBXProject section */
		AA1791D919278DC800D40DA6 /* Project object */ = {
			isa = PBXProject;
			attributes = {
				LastUpgradeCheck = 0510;
				ORGANIZATIONNAME = Hml;
				TargetAttributes = {
					AA17920119278DC800D40DA6 = {
						TestTargetID = AA1791E019278DC800D40DA6;
					};
				};
			};
			buildConfigurationList = AA1791DC19278DC800D40DA6 /* Build configuration list for PBXProject "RadarChart" */;
			compatibilityVersion = "Xcode 3.2";
			developmentRegion = English;
			hasScannedForEncodings = 0;
			knownRegions = (
				en,
				Base,
			);
			mainGroup = AA1791D819278DC800D40DA6;
			productRefGroup = AA1791E219278DC800D40DA6 /* Products */;
			projectDirPath = "";
			projectRoot = "";
			targets = (
				AA1791E019278DC800D40DA6 /* RadarChart */,
				AA17920119278DC800D40DA6 /* RadarChartTests */,
			);
		};
/* End PBXProject section */

/* Begin PBXResourcesBuildPhase section */
		AA1791DF19278DC800D40DA6 /* Resources */ = {
			isa = PBXResourcesBuildPhase;
			buildActionMask = 2147483647;
			files = (
				AA1791FD19278DC800D40DA6 /* Images.xcassets in Resources */,
				AA1791EF19278DC800D40DA6 /* InfoPlist.strings in Resources */,
				AA1791F819278DC800D40DA6 /* Main.storyboard in Resources */,
			);
			runOnlyForDeploymentPostprocessing = 0;
		};
		AA17920019278DC800D40DA6 /* Resources */ = {
			isa = PBXResourcesBuildPhase;
			buildActionMask = 2147483647;
			files = (
				AA17920E19278DC800D40DA6 /* InfoPlist.strings in Resources */,
			);
			runOnlyForDeploymentPostprocessing = 0;
		};
/* End PBXResourcesBuildPhase section */

/* Begin PBXSourcesBuildPhase section */
		AA1791DD19278DC800D40DA6 /* Sources */ = {
			isa = PBXSourcesBuildPhase;
			buildActionMask = 2147483647;
			files = (
				AA1791FB19278DC800D40DA6 /* ViewController.m in Sources */,
				AA1791F519278DC800D40DA6 /* AppDelegate.m in Sources */,
				AA1791F119278DC800D40DA6 /* main.m in Sources */,
			);
			runOnlyForDeploymentPostprocessing = 0;
		};
		AA1791FE19278DC800D40DA6 /* Sources */ = {
			isa = PBXSourcesBuildPhase;
			buildActionMask = 2147483647;
			files = (
				AA17921019278DC800D40DA6 /* RadarChartTests.m in Sources */,
			);
			runOnlyForDeploymentPostprocessing = 0;
		};
/* End PBXSourcesBuildPhase section */

/* Begin PBXTargetDependency section */
		AA17920819278DC800D40DA6 /* PBXTargetDependency */ = {
			isa = PBXTargetDependency;
			target = AA1791E019278DC800D40DA6 /* RadarChart */;
			targetProxy = AA17920719278DC800D40DA6 /* PBXContainerItemProxy */;
		};
/* End PBXTargetDependency section */

/* Begin PBXVariantGroup section */
		AA1791ED19278DC800D40DA6 /* InfoPlist.strings */ = {
			isa = PBXVariantGroup;
			children = (
				AA1791EE19278DC800D40DA6 /* en */,
			);
			name = InfoPlist.strings;
			sourceTree = "<group>";
		};
		AA1791F619278DC800D40DA6 /* Main.storyboard */ = {
			isa = PBXVariantGroup;
			children = (
				AA1791F719278DC800D40DA6 /* Base */,
			);
			name = Main.storyboard;
			sourceTree = "<group>";
		};
		AA17920C19278DC800D40DA6 /* InfoPlist.strings */ = {
			isa = PBXVariantGroup;
			children = (
				AA17920D19278DC800D40DA6 /* en */,
			);
			name = InfoPlist.strings;
			sourceTree = "<group>";
		};
/* End PBXVariantGroup section */

/* Begin XCBuildConfiguration section */
		AA17921119278DC800D40DA6 /* Debug */ = {
			isa = XCBuildConfiguration;
			buildSettings = {
				ALWAYS_SEARCH_USER_PATHS = NO;
				CLANG_CXX_LANGUAGE_STANDARD = "gnu++0x";
				CLANG_CXX_LIBRARY = "libc++";
				CLANG_ENABLE_MODULES = YES;
				CLANG_ENABLE_OBJC_ARC = YES;
				CLANG_WARN_BOOL_CONVERSION = YES;
				CLANG_WARN_CONSTANT_CONVERSION = YES;
				CLANG_WARN_DIRECT_OBJC_ISA_USAGE = YES_ERROR;
				CLANG_WARN_EMPTY_BODY = YES;
				CLANG_WARN_ENUM_CONVERSION = YES;
				CLANG_WARN_INT_CONVERSION = YES;
				CLANG_WARN_OBJC_ROOT_CLASS = YES_ERROR;
				CLANG_WARN__DUPLICATE_METHOD_MATCH = YES;
				"CODE_SIGN_IDENTITY[sdk=iphoneos*]" = "iPhone Developer";
				COPY_PHASE_STRIP = NO;
				GCC_C_LANGUAGE_STANDARD = gnu99;
				GCC_DYNAMIC_NO_PIC = NO;
				GCC_OPTIMIZATION_LEVEL = 0;
				GCC_PREPROCESSOR_DEFINITIONS = (
					"DEBUG=1",
					"$(inherited)",
				);
				GCC_SYMBOLS_PRIVATE_EXTERN = NO;
				GCC_WARN_64_TO_32_BIT_CONVERSION = YES;
				GCC_WARN_ABOUT_RETURN_TYPE = YES_ERROR;
				GCC_WARN_UNDECLARED_SELECTOR = YES;
				GCC_WARN_UNINITIALIZED_AUTOS = YES_AGGRESSIVE;
				GCC_WARN_UNUSED_FUNCTION = YES;
				GCC_WARN_UNUSED_VARIABLE = YES;
				IPHONEOS_DEPLOYMENT_TARGET = 7.1;
				ONLY_ACTIVE_ARCH = YES;
				SDKROOT = iphoneos;
				TARGETED_DEVICE_FAMILY = 2;
			};
			name = Debug;
		};
		AA17921219278DC800D40DA6 /* Release */ = {
			isa = XCBuildConfiguration;
			buildSettings = {
				ALWAYS_SEARCH_USER_PATHS = NO;
				CLANG_CXX_LANGUAGE_STANDARD = "gnu++0x";
				CLANG_CXX_LIBRARY = "libc++";
				CLANG_ENABLE_MODULES = YES;
				CLANG_ENABLE_OBJC_ARC = YES;
				CLANG_WARN_BOOL_CONVERSION = YES;
				CLANG_WARN_CONSTANT_CONVERSION = YES;
				CLANG_WARN_DIRECT_OBJC_ISA_USAGE = YES_ERROR;
				CLANG_WARN_EMPTY_BODY = YES;
				CLANG_WARN_ENUM_CONVERSION = YES;
				CLANG_WARN_INT_CONVERSION = YES;
				CLANG_WARN_OBJC_ROOT_CLASS = YES_ERROR;
				CLANG_WARN__DUPLICATE_METHOD_MATCH = YES;
				"CODE_SIGN_IDENTITY[sdk=iphoneos*]" = "iPhone Developer";
				COPY_PHASE_STRIP = YES;
				ENABLE_NS_ASSERTIONS = NO;
				GCC_C_LANGUAGE_STANDARD = gnu99;
				GCC_WARN_64_TO_32_BIT_CONVERSION = YES;
				GCC_WARN_ABOUT_RETURN_TYPE = YES_ERROR;
				GCC_WARN_UNDECLARED_SELECTOR = YES;
				GCC_WARN_UNINITIALIZED_AUTOS = YES_AGGRESSIVE;
				GCC_WARN_UNUSED_FUNCTION = YES;
				GCC_WARN_UNUSED_VARIABLE = YES;
				IPHONEOS_DEPLOYMENT_TARGET = 7.1;
				SDKROOT = iphoneos;
				TARGETED_DEVICE_FAMILY = 2;
				VALIDATE_PRODUCT = YES;
			};
			name = Release;
		};
		AA17921419278DC800D40DA6 /* Debug */ = {
			isa = XCBuildConfiguration;
			buildSettings = {
				ASSETCATALOG_COMPILER_APPICON_NAME = AppIcon;
				ASSETCATALOG_COMPILER_LAUNCHIMAGE_NAME = LaunchImage;
				GCC_PRECOMPILE_PREFIX_HEADER = YES;
				GCC_PREFIX_HEADER = "RadarChart/RadarChart-Prefix.pch";
				INFOPLIST_FILE = "RadarChart/RadarChart-Info.plist";
				IPHONEOS_DEPLOYMENT_TARGET = 7.1;
				LIBRARY_SEARCH_PATHS = (
					"$(inherited)",
					"$(PROJECT_DIR)/RadarChart",
				);
				PRODUCT_NAME = "$(TARGET_NAME)";
				WRAPPER_EXTENSION = app;
			};
			name = Debug;
		};
		AA17921519278DC800D40DA6 /* Release */ = {
			isa = XCBuildConfiguration;
			buildSettings = {
				ASSETCATALOG_COMPILER_APPICON_NAME = AppIcon;
				ASSETCATALOG_COMPILER_LAUNCHIMAGE_NAME = LaunchImage;
				GCC_PRECOMPILE_PREFIX_HEADER = YES;
				GCC_PREFIX_HEADER = "RadarChart/RadarChart-Prefix.pch";
				INFOPLIST_FILE = "RadarChart/RadarChart-Info.plist";
				IPHONEOS_DEPLOYMENT_TARGET = 7.1;
				LIBRARY_SEARCH_PATHS = (
					"$(inherited)",
					"$(PROJECT_DIR)/RadarChart",
				);
				PRODUCT_NAME = "$(TARGET_NAME)";
				WRAPPER_EXTENSION = app;
			};
			name = Release;
		};
		AA17921719278DC800D40DA6 /* Debug */ = {
			isa = XCBuildConfiguration;
			buildSettings = {
				BUNDLE_LOADER = "$(BUILT_PRODUCTS_DIR)/RadarChart.app/RadarChart";
				FRAMEWORK_SEARCH_PATHS = (
					"$(SDKROOT)/Developer/Library/Frameworks",
					"$(inherited)",
					"$(DEVELOPER_FRAMEWORKS_DIR)",
				);
				GCC_PRECOMPILE_PREFIX_HEADER = YES;
				GCC_PREFIX_HEADER = "RadarChart/RadarChart-Prefix.pch";
				GCC_PREPROCESSOR_DEFINITIONS = (
					"DEBUG=1",
					"$(inherited)",
				);
				INFOPLIST_FILE = "RadarChartTests/RadarChartTests-Info.plist";
				PRODUCT_NAME = "$(TARGET_NAME)";
				TEST_HOST = "$(BUNDLE_LOADER)";
				WRAPPER_EXTENSION = xctest;
			};
			name = Debug;
		};
		AA17921819278DC800D40DA6 /* Release */ = {
			isa = XCBuildConfiguration;
			buildSettings = {
				BUNDLE_LOADER = "$(BUILT_PRODUCTS_DIR)/RadarChart.app/RadarChart";
				FRAMEWORK_SEARCH_PATHS = (
					"$(SDKROOT)/Developer/Library/Frameworks",
					"$(inherited)",
					"$(DEVELOPER_FRAMEWORKS_DIR)",
				);
				GCC_PRECOMPILE_PREFIX_HEADER = YES;
				GCC_PREFIX_HEADER = "RadarChart/RadarChart-Prefix.pch";
				INFOPLIST_FILE = "RadarChartTests/RadarChartTests-Info.plist";
				PRODUCT_NAME = "$(TARGET_NAME)";
				TEST_HOST = "$(BUNDLE_LOADER)";
				WRAPPER_EXTENSION = xctest;
			};
			name = Release;
		};
/* End XCBuildConfiguration section */

/* Begin XCConfigurationList section */
		AA1791DC19278DC800D40DA6 /* Build configuration list for PBXProject "RadarChart" */ = {
			isa = XCConfigurationList;
			buildConfigurations = (
				AA17921119278DC800D40DA6 /* Debug */,
				AA17921219278DC800D40DA6 /* Release */,
			);
			defaultConfigurationIsVisible = 0;
			defaultConfigurationName = Release;
		};
		AA17921319278DC800D40DA6 /* Build configuration list for PBXNativeTarget "RadarChart" */ = {
			isa = XCConfigurationList;
			buildConfigurations = (
				AA17921419278DC800D40DA6 /* Debug */,
				AA17921519278DC800D40DA6 /* Release */,
			);
			defaultConfigurationIsVisible = 0;
			defaultConfigurationName = Release;
		};
		AA17921619278DC800D40DA6 /* Build configuration list for PBXNativeTarget "RadarChartTests" */ = {
			isa = XCConfigurationList;
			buildConfigurations = (
				AA17921719278DC800D40DA6 /* Debug */,
				AA17921819278DC800D40DA6 /* Release */,
			);
			defaultConfigurationIsVisible = 0;
			defaultConfigurationName = Release;
		};
/* End XCConfigurationList section */
	};
	rootObject = AA1791D919278DC800D40DA6 /* Project object */;
}
